
Microsoft Visual Studio Solution File, Format Version 12.00
# Visual Studio Version 17
VisualStudioVersion = 17.5.002.0
MinimumVisualStudioVersion = 10.0.40219.1
Project("{2150E333-8FDC-42A3-9474-1A3956D46DE8}") = "csharp-prep", "csharp-prep", "{F5C70102-FFC7-4BB4-BD49-020879DF4768}"
EndProject
Project("{9A19103F-16F7-4668-BE54-9A1E7A4F7556}") = "Prep1", "csharp-prep\Prep1\Prep1.csproj", "{D7D5AA49-F862-4AC2-9695-CAEA83406E5B}"
EndProject
Project("{9A19103F-16F7-4668-BE54-9A1E7A4F7556}") = "Prep2", "csharp-prep\Prep2\Prep2.csproj", "{8E2CEAC5-9925-48AF-9669-7AC893EC6C9E}"
EndProject
Project("{9A19103F-16F7-4668-BE54-9A1E7A4F7556}") = "Prep3", "csharp-prep\Prep3\Prep3.csproj", "{7019CE97-9E3F-4E0F-8AA9-C85C6AA8830A}"
EndProject
Project("{9A19103F-16F7-4668-BE54-9A1E7A4F7556}") = "Prep4", "csharp-prep\Prep4\Prep4.csproj", "{9D0F482E-026D-4CF3-B081-524BFE078AD6}"
EndProject
Project("{9A19103F-16F7-4668-BE54-9A1E7A4F7556}") = "Prep5", "csharp-prep\Prep5\Prep5.csproj", "{A22C226F-8EA1-4EBB-AF5F-C4409EC7E144}"
EndProject
Project("{2150E333-8FDC-42A3-9474-1A3956D46DE8}") = "final", "final", "{3F6D5B31-6F82-465D-AD5B-75DE375EDE6C}"
EndProject
Project("{9A19103F-16F7-4668-BE54-9A1E7A4F7556}") = "FinalProject", "final\FinalProject\FinalProject.csproj", "{F50CE39B-B5C0-4EF1-91ED-ABB562D99EF5}"
EndProject
Project("{9A19103F-16F7-4668-BE54-9A1E7A4F7556}") = "Foundation1", "final\Foundation1\Foundation1.csproj", "{9DFD1DE0-CA8A-4647-9320-5A5A2E86A87D}"
EndProject
Project("{9A19103F-16F7-4668-BE54-9A1E7A4F7556}") = "Foundation2", "final\Foundation2\Foundation2.csproj", "{76EA4D1E-AF32-4913-B61D-0C537EA4D7A7}"
EndProject
Project("{9A19103F-16F7-4668-BE54-9A1E7A4F7556}") = "Foundation3", "final\Foundation3\Foundation3.csproj", "{7A19D782-384E-48F0-B8B4-ECA40F780523}"
EndProject
Project("{9A19103F-16F7-4668-BE54-9A1E7A4F7556}") = "Foundation4", "final\Foundation4\Foundation4.csproj", "{BE67F0C6-6437-4A7F-8A36-E23595879705}"
EndProject
Project("{2150E333-8FDC-42A3-9474-1A3956D46DE8}") = "prepare", "prepare", "{D0A369B1-3842-47AE-A269-2957863472B5}"
EndProject
Project("{9A19103F-16F7-4668-BE54-9A1E7A4F7556}") = "Learning02", "prepare\Learning02\Learning02.csproj", "{864BE2A4-DC0C-43BD-8B8C-F2642AB9C1C1}"
EndProject
Project("{9A19103F-16F7-4668-BE54-9A1E7A4F7556}") = "Learning03", "prepare\Learning03\Learning03.csproj", "{857681F7-E610-4527-9739-AF52AF998862}"
EndProject
Project("{9A19103F-16F7-4668-BE54-9A1E7A4F7556}") = "Learning04", "prepare\Learning04\Learning04.csproj", "{DB751280-4DCF-4C18-91C9-2398B3C5D48F}"
EndProject
Project("{9A19103F-16F7-4668-BE54-9A1E7A4F7556}") = "Learning05", "prepare\Learning05\Learning05.csproj", "{16DD7BE9-41BC-45F4-B95B-6796054BC011}"
EndProject
Project("{2150E333-8FDC-42A3-9474-1A3956D46DE8}") = "prove", "prove", "{16DD598B-E6BD-4DD7-AB67-C7A6B94589EE}"
EndProject
Project("{9A19103F-16F7-4668-BE54-9A1E7A4F7556}") = "Develop02", "prove\Develop02\Develop02.csproj", "{9CCB33D0-5CA0-4236-A668-36AC250FDB65}"
EndProject
Project("{9A19103F-16F7-4668-BE54-9A1E7A4F7556}") = "Develop03", "prove\Develop03\Develop03.csproj", "{49B458B9-8120-41A8-BF68-9DC8AE0086DF}"
EndProject
Project("{9A19103F-16F7-4668-BE54-9A1E7A4F7556}") = "Develop04", "prove\Develop04\Develop04.csproj", "{4EBA9BEE-1A81-4631-BE0F-D9D2275FB4C9}"
EndProject
Project("{9A19103F-16F7-4668-BE54-9A1E7A4F7556}") = "Develop05", "prove\Develop05\Develop05.csproj", "{95B58AF0-1E96-4A7E-BA89-3E0BB9A2779D}"
EndProject
Project("{2150E333-8FDC-42A3-9474-1A3956D46DE8}") = "sandbox", "sandbox", "{F64C95ED-5F09-4E60-BAC6-BD24699FC818}"
EndProject
Project("{9A19103F-16F7-4668-BE54-9A1E7A4F7556}") = "Sandbox", "sandbox\Sandbox\Sandbox.csproj", "{4CC84A5C-2B70-4AC0-A29B-0AE238157E0A}"
EndProject
Global
	GlobalSection(SolutionConfigurationPlatforms) = preSolution
		Debug|Any CPU = Debug|Any CPU
		Release|Any CPU = Release|Any CPU
	EndGlobalSection
	GlobalSection(ProjectConfigurationPlatforms) = postSolution
		{D7D5AA49-F862-4AC2-9695-CAEA83406E5B}.Debug|Any CPU.ActiveCfg = Debug|Any CPU
		{D7D5AA49-F862-4AC2-9695-CAEA83406E5B}.Debug|Any CPU.Build.0 = Debug|Any CPU
		{D7D5AA49-F862-4AC2-9695-CAEA83406E5B}.Release|Any CPU.ActiveCfg = Release|Any CPU
		{D7D5AA49-F862-4AC2-9695-CAEA83406E5B}.Release|Any CPU.Build.0 = Release|Any CPU
		{8E2CEAC5-9925-48AF-9669-7AC893EC6C9E}.Debug|Any CPU.ActiveCfg = Debug|Any CPU
		{8E2CEAC5-9925-48AF-9669-7AC893EC6C9E}.Debug|Any CPU.Build.0 = Debug|Any CPU
		{8E2CEAC5-9925-48AF-9669-7AC893EC6C9E}.Release|Any CPU.ActiveCfg = Release|Any CPU
		{8E2CEAC5-9925-48AF-9669-7AC893EC6C9E}.Release|Any CPU.Build.0 = Release|Any CPU
		{7019CE97-9E3F-4E0F-8AA9-C85C6AA8830A}.Debug|Any CPU.ActiveCfg = Debug|Any CPU
		{7019CE97-9E3F-4E0F-8AA9-C85C6AA8830A}.Debug|Any CPU.Build.0 = Debug|Any CPU
		{7019CE97-9E3F-4E0F-8AA9-C85C6AA8830A}.Release|Any CPU.ActiveCfg = Release|Any CPU
		{7019CE97-9E3F-4E0F-8AA9-C85C6AA8830A}.Release|Any CPU.Build.0 = Release|Any CPU
		{9D0F482E-026D-4CF3-B081-524BFE078AD6}.Debug|Any CPU.ActiveCfg = Debug|Any CPU
		{9D0F482E-026D-4CF3-B081-524BFE078AD6}.Debug|Any CPU.Build.0 = Debug|Any CPU
		{9D0F482E-026D-4CF3-B081-524BFE078AD6}.Release|Any CPU.ActiveCfg = Release|Any CPU
		{9D0F482E-026D-4CF3-B081-524BFE078AD6}.Release|Any CPU.Build.0 = Release|Any CPU
		{A22C226F-8EA1-4EBB-AF5F-C4409EC7E144}.Debug|Any CPU.ActiveCfg = Debug|Any CPU
		{A22C226F-8EA1-4EBB-AF5F-C4409EC7E144}.Debug|Any CPU.Build.0 = Debug|Any CPU
		{A22C226F-8EA1-4EBB-AF5F-C4409EC7E144}.Release|Any CPU.ActiveCfg = Release|Any CPU
		{A22C226F-8EA1-4EBB-AF5F-C4409EC7E144}.Release|Any CPU.Build.0 = Release|Any CPU
		{F50CE39B-B5C0-4EF1-91ED-ABB562D99EF5}.Debug|Any CPU.ActiveCfg = Debug|Any CPU
		{F50CE39B-B5C0-4EF1-91ED-ABB562D99EF5}.Debug|Any CPU.Build.0 = Debug|Any CPU
		{F50CE39B-B5C0-4EF1-91ED-ABB562D99EF5}.Release|Any CPU.ActiveCfg = Release|Any CPU
		{F50CE39B-B5C0-4EF1-91ED-ABB562D99EF5}.Release|Any CPU.Build.0 = Release|Any CPU
		{9DFD1DE0-CA8A-4647-9320-5A5A2E86A87D}.Debug|Any CPU.ActiveCfg = Debug|Any CPU
		{9DFD1DE0-CA8A-4647-9320-5A5A2E86A87D}.Debug|Any CPU.Build.0 = Debug|Any CPU
		{9DFD1DE0-CA8A-4647-9320-5A5A2E86A87D}.Release|Any CPU.ActiveCfg = Release|Any CPU
		{9DFD1DE0-CA8A-4647-9320-5A5A2E86A87D}.Release|Any CPU.Build.0 = Release|Any CPU
		{76EA4D1E-AF32-4913-B61D-0C537EA4D7A7}.Debug|Any CPU.ActiveCfg = Debug|Any CPU
		{76EA4D1E-AF32-4913-B61D-0C537EA4D7A7}.Debug|Any CPU.Build.0 = Debug|Any CPU
		{76EA4D1E-AF32-4913-B61D-0C537EA4D7A7}.Release|Any CPU.ActiveCfg = Release|Any CPU
		{76EA4D1E-AF32-4913-B61D-0C537EA4D7A7}.Release|Any CPU.Build.0 = Release|Any CPU
		{7A19D782-384E-48F0-B8B4-ECA40F780523}.Debug|Any CPU.ActiveCfg = Debug|Any CPU
		{7A19D782-384E-48F0-B8B4-ECA40F780523}.Debug|Any CPU.Build.0 = Debug|Any CPU
		{7A19D782-384E-48F0-B8B4-ECA40F780523}.Release|Any CPU.ActiveCfg = Release|Any CPU
		{7A19D782-384E-48F0-B8B4-ECA40F780523}.Release|Any CPU.Build.0 = Release|Any CPU
		{BE67F0C6-6437-4A7F-8A36-E23595879705}.Debug|Any CPU.ActiveCfg = Debug|Any CPU
		{BE67F0C6-6437-4A7F-8A36-E23595879705}.Debug|Any CPU.Build.0 = Debug|Any CPU
		{BE67F0C6-6437-4A7F-8A36-E23595879705}.Release|Any CPU.ActiveCfg = Release|Any CPU
		{BE67F0C6-6437-4A7F-8A36-E23595879705}.Release|Any CPU.Build.0 = Release|Any CPU
		{864BE2A4-DC0C-43BD-8B8C-F2642AB9C1C1}.Debug|Any CPU.ActiveCfg = Debug|Any CPU
		{864BE2A4-DC0C-43BD-8B8C-F2642AB9C1C1}.Debug|Any CPU.Build.0 = Debug|Any CPU
		{864BE2A4-DC0C-43BD-8B8C-F2642AB9C1C1}.Release|Any CPU.ActiveCfg = Release|Any CPU
		{864BE2A4-DC0C-43BD-8B8C-F2642AB9C1C1}.Release|Any CPU.Build.0 = Release|Any CPU
		{857681F7-E610-4527-9739-AF52AF998862}.Debug|Any CPU.ActiveCfg = Debug|Any CPU
		{857681F7-E610-4527-9739-AF52AF998862}.Debug|Any CPU.Build.0 = Debug|Any CPU
		{857681F7-E610-4527-9739-AF52AF998862}.Release|Any CPU.ActiveCfg = Release|Any CPU
		{857681F7-E610-4527-9739-AF52AF998862}.Release|Any CPU.Build.0 = Release|Any CPU
		{DB751280-4DCF-4C18-91C9-2398B3C5D48F}.Debug|Any CPU.ActiveCfg = Debug|Any CPU
		{DB751280-4DCF-4C18-91C9-2398B3C5D48F}.Debug|Any CPU.Build.0 = Debug|Any CPU
		{DB751280-4DCF-4C18-91C9-2398B3C5D48F}.Release|Any CPU.ActiveCfg = Release|Any CPU
		{DB751280-4DCF-4C18-91C9-2398B3C5D48F}.Release|Any CPU.Build.0 = Release|Any CPU
		{16DD7BE9-41BC-45F4-B95B-6796054BC011}.Debug|Any CPU.ActiveCfg = Debug|Any CPU
		{16DD7BE9-41BC-45F4-B95B-6796054BC011}.Debug|Any CPU.Build.0 = Debug|Any CPU
		{16DD7BE9-41BC-45F4-B95B-6796054BC011}.Release|Any CPU.ActiveCfg = Release|Any CPU
		{16DD7BE9-41BC-45F4-B95B-6796054BC011}.Release|Any CPU.Build.0 = Release|Any CPU
		{9CCB33D0-5CA0-4236-A668-36AC250FDB65}.Debug|Any CPU.ActiveCfg = Debug|Any CPU
		{9CCB33D0-5CA0-4236-A668-36AC250FDB65}.Debug|Any CPU.Build.0 = Debug|Any CPU
		{9CCB33D0-5CA0-4236-A668-36AC250FDB65}.Release|Any CPU.ActiveCfg = Release|Any CPU
		{9CCB33D0-5CA0-4236-A668-36AC250FDB65}.Release|Any CPU.Build.0 = Release|Any CPU
		{49B458B9-8120-41A8-BF68-9DC8AE0086DF}.Debug|Any CPU.ActiveCfg = Debug|Any CPU
		{49B458B9-8120-41A8-BF68-9DC8AE0086DF}.Debug|Any CPU.Build.0 = Debug|Any CPU
		{49B458B9-8120-41A8-BF68-9DC8AE0086DF}.Release|Any CPU.ActiveCfg = Release|Any CPU
		{49B458B9-8120-41A8-BF68-9DC8AE0086DF}.Release|Any CPU.Build.0 = Release|Any CPU
		{4EBA9BEE-1A81-4631-BE0F-D9D2275FB4C9}.Debug|Any CPU.ActiveCfg = Debug|Any CPU
		{4EBA9BEE-1A81-4631-BE0F-D9D2275FB4C9}.Debug|Any CPU.Build.0 = Debug|Any CPU
		{4EBA9BEE-1A81-4631-BE0F-D9D2275FB4C9}.Release|Any CPU.ActiveCfg = Release|Any CPU
		{4EBA9BEE-1A81-4631-BE0F-D9D2275FB4C9}.Release|Any CPU.Build.0 = Release|Any CPU
		{95B58AF0-1E96-4A7E-BA89-3E0BB9A2779D}.Debug|Any CPU.ActiveCfg = Debug|Any CPU
		{95B58AF0-1E96-4A7E-BA89-3E0BB9A2779D}.Debug|Any CPU.Build.0 = Debug|Any CPU
		{95B58AF0-1E96-4A7E-BA89-3E0BB9A2779D}.Release|Any CPU.ActiveCfg = Release|Any CPU
		{95B58AF0-1E96-4A7E-BA89-3E0BB9A2779D}.Release|Any CPU.Build.0 = Release|Any CPU
		{4CC84A5C-2B70-4AC0-A29B-0AE238157E0A}.Debug|Any CPU.ActiveCfg = Debug|Any CPU
		{4CC84A5C-2B70-4AC0-A29B-0AE238157E0A}.Debug|Any CPU.Build.0 = Debug|Any CPU
		{4CC84A5C-2B70-4AC0-A29B-0AE238157E0A}.Release|Any CPU.ActiveCfg = Release|Any CPU
		{4CC84A5C-2B70-4AC0-A29B-0AE238157E0A}.Release|Any CPU.Build.0 = Release|Any CPU
	EndGlobalSection
	GlobalSection(SolutionProperties) = preSolution
		HideSolutionNode = FALSE
	EndGlobalSection
	GlobalSection(NestedProjects) = preSolution
		{D7D5AA49-F862-4AC2-9695-CAEA83406E5B} = {F5C70102-FFC7-4BB4-BD49-020879DF4768}
		{8E2CEAC5-9925-48AF-9669-7AC893EC6C9E} = {F5C70102-FFC7-4BB4-BD49-020879DF4768}
		{7019CE97-9E3F-4E0F-8AA9-C85C6AA8830A} = {F5C70102-FFC7-4BB4-BD49-020879DF4768}
		{9D0F482E-026D-4CF3-B081-524BFE078AD6} = {F5C70102-FFC7-4BB4-BD49-020879DF4768}
		{A22C226F-8EA1-4EBB-AF5F-C4409EC7E144} = {F5C70102-FFC7-4BB4-BD49-020879DF4768}
		{F50CE39B-B5C0-4EF1-91ED-ABB562D99EF5} = {3F6D5B31-6F82-465D-AD5B-75DE375EDE6C}
		{9DFD1DE0-CA8A-4647-9320-5A5A2E86A87D} = {3F6D5B31-6F82-465D-AD5B-75DE375EDE6C}
		{76EA4D1E-AF32-4913-B61D-0C537EA4D7A7} = {3F6D5B31-6F82-465D-AD5B-75DE375EDE6C}
		{7A19D782-384E-48F0-B8B4-ECA40F780523} = {3F6D5B31-6F82-465D-AD5B-75DE375EDE6C}
		{BE67F0C6-6437-4A7F-8A36-E23595879705} = {3F6D5B31-6F82-465D-AD5B-75DE375EDE6C}
		{864BE2A4-DC0C-43BD-8B8C-F2642AB9C1C1} = {D0A369B1-3842-47AE-A269-2957863472B5}
		{857681F7-E610-4527-9739-AF52AF998862} = {D0A369B1-3842-47AE-A269-2957863472B5}
		{DB751280-4DCF-4C18-91C9-2398B3C5D48F} = {D0A369B1-3842-47AE-A269-2957863472B5}
		{16DD7BE9-41BC-45F4-B95B-6796054BC011} = {D0A369B1-3842-47AE-A269-2957863472B5}
		{9CCB33D0-5CA0-4236-A668-36AC250FDB65} = {16DD598B-E6BD-4DD7-AB67-C7A6B94589EE}
		{49B458B9-8120-41A8-BF68-9DC8AE0086DF} = {16DD598B-E6BD-4DD7-AB67-C7A6B94589EE}
		{4EBA9BEE-1A81-4631-BE0F-D9D2275FB4C9} = {16DD598B-E6BD-4DD7-AB67-C7A6B94589EE}
		{95B58AF0-1E96-4A7E-BA89-3E0BB9A2779D} = {16DD598B-E6BD-4DD7-AB67-C7A6B94589EE}
		{4CC84A5C-2B70-4AC0-A29B-0AE238157E0A} = {F64C95ED-5F09-4E60-BAC6-BD24699FC818}
	EndGlobalSection
	GlobalSection(ExtensibilityGlobals) = postSolution
		SolutionGuid = {E052E978-2D33-4576-B4AA-C2F1BB8920E2}
	EndGlobalSection
EndGlobal
